# THIS IS AN AUTOGENERATED FILE. DO NOT EDIT THIS FILE DIRECTLY.
# yarn lockfile v1


"@types/node@^18.11.10":
  version "18.11.10"
  resolved "https://registry.yarnpkg.com/@types/node/-/node-18.11.10.tgz#4c64759f3c2343b7e6c4b9caf761c7a3a05cee34"
  integrity sha512-juG3RWMBOqcOuXC643OAdSA525V44cVgGV6dUDuiFtss+8Fk5x1hI93Rsld43VeJVIeqlP9I7Fn9/qaVqoEAuQ==

typescript@^4.6:
  version "4.9.3"
  resolved "https://registry.yarnpkg.com/typescript/-/typescript-4.9.3.tgz#3aea307c1746b8c384435d8ac36b8a2e580d85db"
  integrity sha512-CIfGzTelbKNEnLpLdGFgdyKhG23CKdKgQPOBc+OUNrkJ2vr+KSzsSV5kq5iWhEQbok+quxgGzrAtGWCyU7tHnA==
